{
  "lockfileVersion": 1,
  "workspaces": {
    "": {
      "name": "random-faker",
      "dependencies": {
        "@faker-js/faker": "^9.5.0",
        "@hono/zod-openapi": "^0.18.4",
        "@scalar/hono-api-reference": "^0.5.175",
        "hono": "^4.7.1",
        "zod": "^3.24.2",
      },
      "devDependencies": {
        "@cloudflare/workers-types": "^4.20250109.0",
      },
    },
  },
  "packages": {
    "@asteasolutions/zod-to-openapi": ["@asteasolutions/zod-to-openapi@7.3.0", "", { "dependencies": { "openapi3-ts": "^4.1.2" }, "peerDependencies": { "zod": "^3.20.2" } }, "sha512-7tE/r1gXwMIvGnXVUdIqUhCU1RevEFC4Jk6Bussa0fk1ecbnnINkZzj1EOAJyE/M3AI25DnHT/zKQL1/FPFi8Q=="],

    "@cloudflare/workers-types": ["@cloudflare/workers-types@4.20250214.0", "", {}, "sha512-+M8oOFVbyXT5GeJrYLWMUGyPf5wGB4+k59PPqdedtOig7NjZ5r4S79wMdaZ/EV5IV8JPtZBSNjTKpDnNmfxjaQ=="],

    "@faker-js/faker": ["@faker-js/faker@9.5.0", "", {}, "sha512-3qbjLv+fzuuCg3umxc9/7YjrEXNaKwHgmig949nfyaTx8eL4FAsvFbu+1JcFUj1YAXofhaDn6JdEUBTYuk0Ssw=="],

    "@hono/zod-openapi": ["@hono/zod-openapi@0.18.4", "", { "dependencies": { "@asteasolutions/zod-to-openapi": "^7.1.0", "@hono/zod-validator": "^0.4.1" }, "peerDependencies": { "hono": ">=4.3.6", "zod": "3.*" } }, "sha512-6NHMHU96Hh32B1yDhb94Z4Z5/POsmEu2AXpWLWcBq9arskRnOMt2752yEoXoADV8WUAc7H1IkNaQHGj1ytXbYw=="],

    "@hono/zod-validator": ["@hono/zod-validator@0.4.3", "", { "peerDependencies": { "hono": ">=3.9.0", "zod": "^3.19.1" } }, "sha512-xIgMYXDyJ4Hj6ekm9T9Y27s080Nl9NXHcJkOvkXPhubOLj8hZkOL8pDnnXfvCf5xEE8Q4oMFenQUZZREUY2gqQ=="],

    "@scalar/hono-api-reference": ["@scalar/hono-api-reference@0.5.175", "", { "dependencies": { "@scalar/types": "0.0.34" }, "peerDependencies": { "hono": "^4.0.0" } }, "sha512-jSY/qYFHitFFFsLgvmspDN/Fd3V3nC5Q17XJW/qhLtXX/M4pZUGVZOTLU2GsAueh10J5m7VLPZo+HQL6HC35bg=="],

    "@scalar/openapi-types": ["@scalar/openapi-types@0.1.8", "", {}, "sha512-iufA5/6hPCmRIVD2eh7qGpoKvoA08Gw/qUb2JECifBtAwA93fo7+1k9uHK440f2LMJsbxIzA+nv7RS0BmfiO/g=="],

    "@scalar/types": ["@scalar/types@0.0.34", "", { "dependencies": { "@scalar/openapi-types": "0.1.8", "@unhead/schema": "^1.11.11" } }, "sha512-q01ctijmHArM5KOny2zU+sHfhpsgOAENrDENecK2TsQNn5FYLmFZouMKeW2M6F7KFLPZnFxUiL/rT88b6Rp/Kg=="],

    "@unhead/schema": ["@unhead/schema@1.11.19", "", { "dependencies": { "hookable": "^5.5.3", "zhead": "^2.2.4" } }, "sha512-7VhYHWK7xHgljdv+C01MepCSYZO2v6OhgsfKWPxRQBDDGfUKCUaChox0XMq3tFvXP6u4zSp6yzcDw2yxCfVMwg=="],

    "hono": ["hono@4.7.1", "", {}, "sha512-V3eWoPkBxoNgFCkSc5Y5rpLF6YoQQx1pkYO4qrF6YfOw8RZbujUNlJLZCxh0z9gZct70+je2Ih7Zrdpv21hP9w=="],

    "hookable": ["hookable@5.5.3", "", {}, "sha512-Yc+BQe8SvoXH1643Qez1zqLRmbA5rCL+sSmk6TVos0LWVfNIB7PGncdlId77WzLGSIB5KaWgTaNTs2lNVEI6VQ=="],

    "openapi3-ts": ["openapi3-ts@4.4.0", "", { "dependencies": { "yaml": "^2.5.0" } }, "sha512-9asTNB9IkKEzWMcHmVZE7Ts3kC9G7AFHfs8i7caD8HbI76gEjdkId4z/AkP83xdZsH7PLAnnbl47qZkXuxpArw=="],

    "yaml": ["yaml@2.7.0", "", { "bin": { "yaml": "bin.mjs" } }, "sha512-+hSoy/QHluxmC9kCIJyL/uyFmLmc+e5CFR5Wa+bpIhIj85LVb9ZH2nVnqrHoSvKogwODv0ClqZkmiSSaIH5LTA=="],

    "zhead": ["zhead@2.2.4", "", {}, "sha512-8F0OI5dpWIA5IGG5NHUg9staDwz/ZPxZtvGVf01j7vHqSyZ0raHY+78atOVxRqb73AotX22uV1pXt3gYSstGag=="],

    "zod": ["zod@3.24.2", "", {}, "sha512-lY7CDW43ECgW9u1TcT3IoXHflywfVqDYze4waEz812jR/bZ8FHDsl7pFQoSZTz5N+2NqRXs8GBwnAwo3ZNxqhQ=="],
  }
}
